<?xml version="1.0" encoding="utf-8"?>
<Project ToolsVersion="4.0" xmlns="http://schemas.microsoft.com/developer/msbuild/2003">
  <ItemGroup>
    <Filter Include="Biscuit">
      <UniqueIdentifier>{583C8AD9-C41B-0975-CD33-944B39926FD6}</UniqueIdentifier>
    </Filter>
    <Filter Include="Biscuit\Events">
      <UniqueIdentifier>{3C9545EA-2863-39F0-11F7-A916FD631555}</UniqueIdentifier>
    </Filter>
    <Filter Include="Biscuit\ImGui">
      <UniqueIdentifier>{829354E8-EE53-D01E-B78E-199C230E15FB}</UniqueIdentifier>
    </Filter>
    <Filter Include="Platform">
      <UniqueIdentifier>{2AC788B4-1694-E3BF-3FAD-D1672BD9184E}</UniqueIdentifier>
    </Filter>
    <Filter Include="Platform\OpenGL">
      <UniqueIdentifier>{1E7D2C1D-8A08-9AE1-9319-1DD6FF23F6E1}</UniqueIdentifier>
    </Filter>
    <Filter Include="Platform\Windows">
      <UniqueIdentifier>{64FBD71A-50F4-F66C-7926-DCF1657ED678}</UniqueIdentifier>
    </Filter>
  </ItemGroup>
  <ItemGroup>
    <ClInclude Include="src\Biscuit.h" />
    <ClInclude Include="src\Biscuit\Application.h">
      <Filter>Biscuit</Filter>
    </ClInclude>
    <ClInclude Include="src\Biscuit\Core.h">
      <Filter>Biscuit</Filter>
    </ClInclude>
    <ClInclude Include="src\Biscuit\EntryPoint.h">
      <Filter>Biscuit</Filter>
    </ClInclude>
    <ClInclude Include="src\Biscuit\Events\ApplicationEvent.h">
      <Filter>Biscuit\Events</Filter>
    </ClInclude>
    <ClInclude Include="src\Biscuit\Events\Event.h">
      <Filter>Biscuit\Events</Filter>
    </ClInclude>
    <ClInclude Include="src\Biscuit\Events\KeyEvent.h">
      <Filter>Biscuit\Events</Filter>
    </ClInclude>
    <ClInclude Include="src\Biscuit\Events\MouseEvent.h">
      <Filter>Biscuit\Events</Filter>
    </ClInclude>
    <ClInclude Include="src\Biscuit\ImGui\ImGuiLayer.h">
      <Filter>Biscuit\ImGui</Filter>
    </ClInclude>
    <ClInclude Include="src\Biscuit\Layer.h">
      <Filter>Biscuit</Filter>
    </ClInclude>
    <ClInclude Include="src\Biscuit\LayerStack.h">
      <Filter>Biscuit</Filter>
    </ClInclude>
    <ClInclude Include="src\Biscuit\Log.h">
      <Filter>Biscuit</Filter>
    </ClInclude>
    <ClInclude Include="src\Biscuit\Window.h">
      <Filter>Biscuit</Filter>
    </ClInclude>
    <ClInclude Include="src\Platform\OpenGL\ImGuiOpenGLRenderer.h">
      <Filter>Platform\OpenGL</Filter>
    </ClInclude>
    <ClInclude Include="src\Platform\Windows\WindowsWindow.h">
      <Filter>Platform\Windows</Filter>
    </ClInclude>
    <ClInclude Include="src\bcpch.h" />
    <ClInclude Include="src\Biscuit\Input.h" />
    <ClInclude Include="src\Platform\Windows\WindowsInput.h" />
    <ClInclude Include="src\Biscuit\KeyCodes.h" />
    <ClInclude Include="src\Biscuit\MouseButtonCodes.h" />
  </ItemGroup>
  <ItemGroup>
    <ClCompile Include="src\Biscuit\Application.cpp">
      <Filter>Biscuit</Filter>
    </ClCompile>
    <ClCompile Include="src\Biscuit\ImGui\ImGuiLayer.cpp">
      <Filter>Biscuit\ImGui</Filter>
    </ClCompile>
    <ClCompile Include="src\Biscuit\Layer.cpp">
      <Filter>Biscuit</Filter>
    </ClCompile>
    <ClCompile Include="src\Biscuit\LayerStack.cpp">
      <Filter>Biscuit</Filter>
    </ClCompile>
    <ClCompile Include="src\Biscuit\Log.cpp">
      <Filter>Biscuit</Filter>
    </ClCompile>
    <ClCompile Include="src\Platform\OpenGL\ImGuiOpenGLRenderer.cpp">
      <Filter>Platform\OpenGL</Filter>
    </ClCompile>
    <ClCompile Include="src\Platform\Windows\WindowsWindow.cpp">
      <Filter>Platform\Windows</Filter>
    </ClCompile>
    <ClCompile Include="src\bcpch.cpp" />
    <ClCompile Include="src\Platform\Windows\WindowsInput.cpp" />
  </ItemGroup>
</Project>